{
  "name": "refactor",
  "version": "1.0.0",
  "lockfileVersion": 1,
  "requires": true,
  "dependencies": {
    "node-inspect": {
      "version": "1.11.6",
      "resolved": "https://registry.npmjs.org/node-inspect/-/node-inspect-1.11.6.tgz",
      "integrity": "sha512-FJK0N55yT/U50mlb0l9MOV3a6kvt96CQPn2sqiCaUAt+tggEydVFP9thpDw3abIc0C0fEP1vIIoNVdGx3KrOUQ==",
      "dev": true
    }
  }
}
